
Microsoft Visual Studio Solution File, Format Version 12.00
# Visual Studio Version 17
VisualStudioVersion = 17.14.36414.22 d17.14
MinimumVisualStudioVersion = 10.0.40219.1
Project("{FAE04EC0-301F-11D3-BF4B-00C04F79EFBC}") = "pm-backend", "pm-backend\pm-backend.csproj", "{06D4DC53-B746-4B32-8DA1-41DD9884749A}"
EndProject
Global
	GlobalSection(SolutionConfigurationPlatforms) = preSolution
		Debug|Any CPU = Debug|Any CPU
		Release|Any CPU = Release|Any CPU
	EndGlobalSection
	GlobalSection(ProjectConfigurationPlatforms) = postSolution
		{06D4DC53-B746-4B32-8DA1-41DD9884749A}.Debug|Any CPU.ActiveCfg = Debug|Any CPU
		{06D4DC53-B746-4B32-8DA1-41DD9884749A}.Debug|Any CPU.Build.0 = Debug|Any CPU
		{06D4DC53-B746-4B32-8DA1-41DD9884749A}.Release|Any CPU.ActiveCfg = Release|Any CPU
		{06D4DC53-B746-4B32-8DA1-41DD9884749A}.Release|Any CPU.Build.0 = Release|Any CPU
	EndGlobalSection
	GlobalSection(SolutionProperties) = preSolution
		HideSolutionNode = FALSE
	EndGlobalSection
	GlobalSection(ExtensibilityGlobals) = postSolution
		SolutionGuid = {0BA17A23-3222-4688-9200-CC57B1876335}
	EndGlobalSection
EndGlobal
